
Microsoft Visual Studio Solution File, Format Version 12.00
# Visual Studio Version 16
VisualStudioVersion = 16.0.30804.86
MinimumVisualStudioVersion = 10.0.40219.1
Project("{8BC9CEB8-8B4A-11D0-8D11-00A0C91BC942}") = "Chess Battle Simulation", "Chess Battle Simulation.vcxproj", "{B2A8F7AB-8CDC-47DF-B01E-831356B3FBF3}"
EndProject
Global
	GlobalSection(SolutionConfigurationPlatforms) = preSolution
		Debug|x64 = Debug|x64
		Debug|x86 = Debug|x86
		Release|x64 = Release|x64
		Release|x86 = Release|x86
	EndGlobalSection
	GlobalSection(ProjectConfigurationPlatforms) = postSolution
		{B2A8F7AB-8CDC-47DF-B01E-831356B3FBF3}.Debug|x64.ActiveCfg = Debug|x64
		{B2A8F7AB-8CDC-47DF-B01E-831356B3FBF3}.Debug|x64.Build.0 = Debug|x64
		{B2A8F7AB-8CDC-47DF-B01E-831356B3FBF3}.Debug|x86.ActiveCfg = Debug|Win32
		{B2A8F7AB-8CDC-47DF-B01E-831356B3FBF3}.Debug|x86.Build.0 = Debug|Win32
		{B2A8F7AB-8CDC-47DF-B01E-831356B3FBF3}.Release|x64.ActiveCfg = Release|x64
		{B2A8F7AB-8CDC-47DF-B01E-831356B3FBF3}.Release|x64.Build.0 = Release|x64
		{B2A8F7AB-8CDC-47DF-B01E-831356B3FBF3}.Release|x86.ActiveCfg = Release|Win32
		{B2A8F7AB-8CDC-47DF-B01E-831356B3FBF3}.Release|x86.Build.0 = Release|Win32
	EndGlobalSection
	GlobalSection(SolutionProperties) = preSolution
		HideSolutionNode = FALSE
	EndGlobalSection
	GlobalSection(ExtensibilityGlobals) = postSolution
		SolutionGuid = {EFD9A163-43D7-4FED-B17E-2BCCA4546498}
	EndGlobalSection
EndGlobal
